
Microsoft Visual Studio Solution File, Format Version 12.00
# Visual Studio 14
VisualStudioVersion = 14.0.23107.0
MinimumVisualStudioVersion = 10.0.40219.1
Project("{2150E333-8FDC-42A3-9474-1A3956D46DE8}") = "Native", "Native", "{7392DF13-7703-4B9A-977A-2AACB0AB5E70}"
EndProject
Project("{2150E333-8FDC-42A3-9474-1A3956D46DE8}") = "CShap", "CShap", "{BC5D0D55-8C4C-4671-A0E4-3D87A8961A7E}"
EndProject
Project("{FAE04EC0-301F-11D3-BF4B-00C04F79EFBC}") = "Yoga.Camera", "Yoga.Camera\Yoga.Camera.csproj", "{306083DA-D250-4B6D-A487-F684F4330C0D}"
EndProject
Project("{FAE04EC0-301F-11D3-BF4B-00C04F79EFBC}") = "Yoga.Common", "Yoga.Common\Yoga.Common.csproj", "{C42F352E-F4F1-43B8-AEDA-812A1CA2CF8A}"
EndProject
Project("{FAE04EC0-301F-11D3-BF4B-00C04F79EFBC}") = "Yoga.ImageControl", "Yoga.ImageControl\Yoga.ImageControl.csproj", "{34DDAFED-BE60-4A7D-B438-C8EB74A3D1F7}"
EndProject
Project("{FAE04EC0-301F-11D3-BF4B-00C04F79EFBC}") = "Yoga.VisionMix", "Yoga.VisionMix\Yoga.VisionMix.csproj", "{BAE8BE40-AC76-43C4-898A-E4C1D2FA6C36}"
	ProjectSection(ProjectDependencies) = postProject
		{BB30C904-3CE7-4704-AB3F-7EB602C6ED29} = {BB30C904-3CE7-4704-AB3F-7EB602C6ED29}
		{C3A5DAE7-82BD-4B59-AEC2-97C66CB579B4} = {C3A5DAE7-82BD-4B59-AEC2-97C66CB579B4}
	EndProjectSection
EndProject
Project("{FAE04EC0-301F-11D3-BF4B-00C04F79EFBC}") = "Yoga.Tools", "Yoga.Tools\Yoga.Tools.csproj", "{205D289C-64F9-4B9C-BF5F-0327152EA14A}"
EndProject
Project("{FAE04EC0-301F-11D3-BF4B-00C04F79EFBC}") = "Yoga.Test", "Yoga.Test\Yoga.Test.csproj", "{1355B3E1-5B2D-4804-9CC4-CA2A7B2887C1}"
	ProjectSection(ProjectDependencies) = postProject
		{C42F352E-F4F1-43B8-AEDA-812A1CA2CF8A} = {C42F352E-F4F1-43B8-AEDA-812A1CA2CF8A}
	EndProjectSection
EndProject
Project("{2150E333-8FDC-42A3-9474-1A3956D46DE8}") = "PlugIn", "PlugIn", "{8299B6AA-1908-4BD8-8A6D-E68CF36B7C42}"
EndProject
Project("{FAE04EC0-301F-11D3-BF4B-00C04F79EFBC}") = "Yoga.Tools.ReadCode", "Yoga.Tools.ReadCode\Yoga.Tools.ReadCode.csproj", "{C3A5DAE7-82BD-4B59-AEC2-97C66CB579B4}"
EndProject
Project("{FAE04EC0-301F-11D3-BF4B-00C04F79EFBC}") = "Yoga.Tools.Matching", "Yoga.Tools.Matching\Yoga.Tools.Matching.csproj", "{4480158A-E61E-4371-8809-8D585B93A341}"
EndProject
Project("{FAE04EC0-301F-11D3-BF4B-00C04F79EFBC}") = "Yoga.Tools.Util", "Yoga.Tools.Util\Yoga.Tools.Util.csproj", "{BB30C904-3CE7-4704-AB3F-7EB602C6ED29}"
EndProject
Global
	GlobalSection(SolutionConfigurationPlatforms) = preSolution
		Debug|Any CPU = Debug|Any CPU
		Debug|x64 = Debug|x64
		Debug|x86 = Debug|x86
		Release|Any CPU = Release|Any CPU
		Release|x64 = Release|x64
		Release|x86 = Release|x86
	EndGlobalSection
	GlobalSection(ProjectConfigurationPlatforms) = postSolution
		{306083DA-D250-4B6D-A487-F684F4330C0D}.Debug|Any CPU.ActiveCfg = Debug|Any CPU
		{306083DA-D250-4B6D-A487-F684F4330C0D}.Debug|Any CPU.Build.0 = Debug|Any CPU
		{306083DA-D250-4B6D-A487-F684F4330C0D}.Debug|x64.ActiveCfg = Debug|Any CPU
		{306083DA-D250-4B6D-A487-F684F4330C0D}.Debug|x64.Build.0 = Debug|Any CPU
		{306083DA-D250-4B6D-A487-F684F4330C0D}.Debug|x86.ActiveCfg = Debug|Any CPU
		{306083DA-D250-4B6D-A487-F684F4330C0D}.Debug|x86.Build.0 = Debug|Any CPU
		{306083DA-D250-4B6D-A487-F684F4330C0D}.Release|Any CPU.ActiveCfg = Release|Any CPU
		{306083DA-D250-4B6D-A487-F684F4330C0D}.Release|Any CPU.Build.0 = Release|Any CPU
		{306083DA-D250-4B6D-A487-F684F4330C0D}.Release|x64.ActiveCfg = Release|Any CPU
		{306083DA-D250-4B6D-A487-F684F4330C0D}.Release|x64.Build.0 = Release|Any CPU
		{306083DA-D250-4B6D-A487-F684F4330C0D}.Release|x86.ActiveCfg = Release|Any CPU
		{306083DA-D250-4B6D-A487-F684F4330C0D}.Release|x86.Build.0 = Release|Any CPU
		{C42F352E-F4F1-43B8-AEDA-812A1CA2CF8A}.Debug|Any CPU.ActiveCfg = Debug|Any CPU
		{C42F352E-F4F1-43B8-AEDA-812A1CA2CF8A}.Debug|Any CPU.Build.0 = Debug|Any CPU
		{C42F352E-F4F1-43B8-AEDA-812A1CA2CF8A}.Debug|x64.ActiveCfg = Debug|Any CPU
		{C42F352E-F4F1-43B8-AEDA-812A1CA2CF8A}.Debug|x64.Build.0 = Debug|Any CPU
		{C42F352E-F4F1-43B8-AEDA-812A1CA2CF8A}.Debug|x86.ActiveCfg = Debug|Any CPU
		{C42F352E-F4F1-43B8-AEDA-812A1CA2CF8A}.Debug|x86.Build.0 = Debug|Any CPU
		{C42F352E-F4F1-43B8-AEDA-812A1CA2CF8A}.Release|Any CPU.ActiveCfg = Release|Any CPU
		{C42F352E-F4F1-43B8-AEDA-812A1CA2CF8A}.Release|Any CPU.Build.0 = Release|Any CPU
		{C42F352E-F4F1-43B8-AEDA-812A1CA2CF8A}.Release|x64.ActiveCfg = Release|Any CPU
		{C42F352E-F4F1-43B8-AEDA-812A1CA2CF8A}.Release|x64.Build.0 = Release|Any CPU
		{C42F352E-F4F1-43B8-AEDA-812A1CA2CF8A}.Release|x86.ActiveCfg = Release|Any CPU
		{C42F352E-F4F1-43B8-AEDA-812A1CA2CF8A}.Release|x86.Build.0 = Release|Any CPU
		{34DDAFED-BE60-4A7D-B438-C8EB74A3D1F7}.Debug|Any CPU.ActiveCfg = Debug|Any CPU
		{34DDAFED-BE60-4A7D-B438-C8EB74A3D1F7}.Debug|Any CPU.Build.0 = Debug|Any CPU
		{34DDAFED-BE60-4A7D-B438-C8EB74A3D1F7}.Debug|x64.ActiveCfg = Debug|Any CPU
		{34DDAFED-BE60-4A7D-B438-C8EB74A3D1F7}.Debug|x64.Build.0 = Debug|Any CPU
		{34DDAFED-BE60-4A7D-B438-C8EB74A3D1F7}.Debug|x86.ActiveCfg = Debug|Any CPU
		{34DDAFED-BE60-4A7D-B438-C8EB74A3D1F7}.Debug|x86.Build.0 = Debug|Any CPU
		{34DDAFED-BE60-4A7D-B438-C8EB74A3D1F7}.Release|Any CPU.ActiveCfg = Release|Any CPU
		{34DDAFED-BE60-4A7D-B438-C8EB74A3D1F7}.Release|Any CPU.Build.0 = Release|Any CPU
		{34DDAFED-BE60-4A7D-B438-C8EB74A3D1F7}.Release|x64.ActiveCfg = Release|Any CPU
		{34DDAFED-BE60-4A7D-B438-C8EB74A3D1F7}.Release|x64.Build.0 = Release|Any CPU
		{34DDAFED-BE60-4A7D-B438-C8EB74A3D1F7}.Release|x86.ActiveCfg = Release|Any CPU
		{34DDAFED-BE60-4A7D-B438-C8EB74A3D1F7}.Release|x86.Build.0 = Release|Any CPU
		{BAE8BE40-AC76-43C4-898A-E4C1D2FA6C36}.Debug|Any CPU.ActiveCfg = Debug|Any CPU
		{BAE8BE40-AC76-43C4-898A-E4C1D2FA6C36}.Debug|Any CPU.Build.0 = Debug|Any CPU
		{BAE8BE40-AC76-43C4-898A-E4C1D2FA6C36}.Debug|x64.ActiveCfg = Debug|x64
		{BAE8BE40-AC76-43C4-898A-E4C1D2FA6C36}.Debug|x64.Build.0 = Debug|x64
		{BAE8BE40-AC76-43C4-898A-E4C1D2FA6C36}.Debug|x86.ActiveCfg = Debug|x86
		{BAE8BE40-AC76-43C4-898A-E4C1D2FA6C36}.Debug|x86.Build.0 = Debug|x86
		{BAE8BE40-AC76-43C4-898A-E4C1D2FA6C36}.Release|Any CPU.ActiveCfg = Release|x64
		{BAE8BE40-AC76-43C4-898A-E4C1D2FA6C36}.Release|Any CPU.Build.0 = Release|x64
		{BAE8BE40-AC76-43C4-898A-E4C1D2FA6C36}.Release|x64.ActiveCfg = Release|x64
		{BAE8BE40-AC76-43C4-898A-E4C1D2FA6C36}.Release|x64.Build.0 = Release|x64
		{BAE8BE40-AC76-43C4-898A-E4C1D2FA6C36}.Release|x86.ActiveCfg = Release|x86
		{BAE8BE40-AC76-43C4-898A-E4C1D2FA6C36}.Release|x86.Build.0 = Release|x86
		{205D289C-64F9-4B9C-BF5F-0327152EA14A}.Debug|Any CPU.ActiveCfg = Debug|Any CPU
		{205D289C-64F9-4B9C-BF5F-0327152EA14A}.Debug|Any CPU.Build.0 = Debug|Any CPU
		{205D289C-64F9-4B9C-BF5F-0327152EA14A}.Debug|x64.ActiveCfg = Debug|Any CPU
		{205D289C-64F9-4B9C-BF5F-0327152EA14A}.Debug|x64.Build.0 = Debug|Any CPU
		{205D289C-64F9-4B9C-BF5F-0327152EA14A}.Debug|x86.ActiveCfg = Debug|Any CPU
		{205D289C-64F9-4B9C-BF5F-0327152EA14A}.Debug|x86.Build.0 = Debug|Any CPU
		{205D289C-64F9-4B9C-BF5F-0327152EA14A}.Release|Any CPU.ActiveCfg = Release|Any CPU
		{205D289C-64F9-4B9C-BF5F-0327152EA14A}.Release|Any CPU.Build.0 = Release|Any CPU
		{205D289C-64F9-4B9C-BF5F-0327152EA14A}.Release|x64.ActiveCfg = Release|Any CPU
		{205D289C-64F9-4B9C-BF5F-0327152EA14A}.Release|x64.Build.0 = Release|Any CPU
		{205D289C-64F9-4B9C-BF5F-0327152EA14A}.Release|x86.ActiveCfg = Release|Any CPU
		{205D289C-64F9-4B9C-BF5F-0327152EA14A}.Release|x86.Build.0 = Release|Any CPU
		{1355B3E1-5B2D-4804-9CC4-CA2A7B2887C1}.Debug|Any CPU.ActiveCfg = Debug|Any CPU
		{1355B3E1-5B2D-4804-9CC4-CA2A7B2887C1}.Debug|Any CPU.Build.0 = Debug|Any CPU
		{1355B3E1-5B2D-4804-9CC4-CA2A7B2887C1}.Debug|x64.ActiveCfg = Debug|x64
		{1355B3E1-5B2D-4804-9CC4-CA2A7B2887C1}.Debug|x64.Build.0 = Debug|x64
		{1355B3E1-5B2D-4804-9CC4-CA2A7B2887C1}.Debug|x86.ActiveCfg = Debug|x86
		{1355B3E1-5B2D-4804-9CC4-CA2A7B2887C1}.Debug|x86.Build.0 = Debug|x86
		{1355B3E1-5B2D-4804-9CC4-CA2A7B2887C1}.Release|Any CPU.ActiveCfg = Release|x64
		{1355B3E1-5B2D-4804-9CC4-CA2A7B2887C1}.Release|Any CPU.Build.0 = Release|x64
		{1355B3E1-5B2D-4804-9CC4-CA2A7B2887C1}.Release|x64.ActiveCfg = Release|x64
		{1355B3E1-5B2D-4804-9CC4-CA2A7B2887C1}.Release|x64.Build.0 = Release|x64
		{1355B3E1-5B2D-4804-9CC4-CA2A7B2887C1}.Release|x86.ActiveCfg = Release|x86
		{1355B3E1-5B2D-4804-9CC4-CA2A7B2887C1}.Release|x86.Build.0 = Release|x86
		{C3A5DAE7-82BD-4B59-AEC2-97C66CB579B4}.Debug|Any CPU.ActiveCfg = Debug|Any CPU
		{C3A5DAE7-82BD-4B59-AEC2-97C66CB579B4}.Debug|Any CPU.Build.0 = Debug|Any CPU
		{C3A5DAE7-82BD-4B59-AEC2-97C66CB579B4}.Debug|x64.ActiveCfg = Debug|Any CPU
		{C3A5DAE7-82BD-4B59-AEC2-97C66CB579B4}.Debug|x64.Build.0 = Debug|Any CPU
		{C3A5DAE7-82BD-4B59-AEC2-97C66CB579B4}.Debug|x86.ActiveCfg = Debug|Any CPU
		{C3A5DAE7-82BD-4B59-AEC2-97C66CB579B4}.Debug|x86.Build.0 = Debug|Any CPU
		{C3A5DAE7-82BD-4B59-AEC2-97C66CB579B4}.Release|Any CPU.ActiveCfg = Release|Any CPU
		{C3A5DAE7-82BD-4B59-AEC2-97C66CB579B4}.Release|Any CPU.Build.0 = Release|Any CPU
		{C3A5DAE7-82BD-4B59-AEC2-97C66CB579B4}.Release|x64.ActiveCfg = Release|Any CPU
		{C3A5DAE7-82BD-4B59-AEC2-97C66CB579B4}.Release|x64.Build.0 = Release|Any CPU
		{C3A5DAE7-82BD-4B59-AEC2-97C66CB579B4}.Release|x86.ActiveCfg = Release|Any CPU
		{C3A5DAE7-82BD-4B59-AEC2-97C66CB579B4}.Release|x86.Build.0 = Release|Any CPU
		{4480158A-E61E-4371-8809-8D585B93A341}.Debug|Any CPU.ActiveCfg = Debug|Any CPU
		{4480158A-E61E-4371-8809-8D585B93A341}.Debug|Any CPU.Build.0 = Debug|Any CPU
		{4480158A-E61E-4371-8809-8D585B93A341}.Debug|x64.ActiveCfg = Debug|Any CPU
		{4480158A-E61E-4371-8809-8D585B93A341}.Debug|x64.Build.0 = Debug|Any CPU
		{4480158A-E61E-4371-8809-8D585B93A341}.Debug|x86.ActiveCfg = Debug|Any CPU
		{4480158A-E61E-4371-8809-8D585B93A341}.Debug|x86.Build.0 = Debug|Any CPU
		{4480158A-E61E-4371-8809-8D585B93A341}.Release|Any CPU.ActiveCfg = Release|Any CPU
		{4480158A-E61E-4371-8809-8D585B93A341}.Release|Any CPU.Build.0 = Release|Any CPU
		{4480158A-E61E-4371-8809-8D585B93A341}.Release|x64.ActiveCfg = Release|Any CPU
		{4480158A-E61E-4371-8809-8D585B93A341}.Release|x64.Build.0 = Release|Any CPU
		{4480158A-E61E-4371-8809-8D585B93A341}.Release|x86.ActiveCfg = Release|Any CPU
		{4480158A-E61E-4371-8809-8D585B93A341}.Release|x86.Build.0 = Release|Any CPU
		{BB30C904-3CE7-4704-AB3F-7EB602C6ED29}.Debug|Any CPU.ActiveCfg = Debug|Any CPU
		{BB30C904-3CE7-4704-AB3F-7EB602C6ED29}.Debug|Any CPU.Build.0 = Debug|Any CPU
		{BB30C904-3CE7-4704-AB3F-7EB602C6ED29}.Debug|x64.ActiveCfg = Debug|Any CPU
		{BB30C904-3CE7-4704-AB3F-7EB602C6ED29}.Debug|x64.Build.0 = Debug|Any CPU
		{BB30C904-3CE7-4704-AB3F-7EB602C6ED29}.Debug|x86.ActiveCfg = Debug|Any CPU
		{BB30C904-3CE7-4704-AB3F-7EB602C6ED29}.Debug|x86.Build.0 = Debug|Any CPU
		{BB30C904-3CE7-4704-AB3F-7EB602C6ED29}.Release|Any CPU.ActiveCfg = Release|Any CPU
		{BB30C904-3CE7-4704-AB3F-7EB602C6ED29}.Release|Any CPU.Build.0 = Release|Any CPU
		{BB30C904-3CE7-4704-AB3F-7EB602C6ED29}.Release|x64.ActiveCfg = Release|Any CPU
		{BB30C904-3CE7-4704-AB3F-7EB602C6ED29}.Release|x64.Build.0 = Release|Any CPU
		{BB30C904-3CE7-4704-AB3F-7EB602C6ED29}.Release|x86.ActiveCfg = Release|Any CPU
		{BB30C904-3CE7-4704-AB3F-7EB602C6ED29}.Release|x86.Build.0 = Release|Any CPU
	EndGlobalSection
	GlobalSection(SolutionProperties) = preSolution
		HideSolutionNode = FALSE
	EndGlobalSection
	GlobalSection(NestedProjects) = preSolution
		{306083DA-D250-4B6D-A487-F684F4330C0D} = {BC5D0D55-8C4C-4671-A0E4-3D87A8961A7E}
		{C42F352E-F4F1-43B8-AEDA-812A1CA2CF8A} = {BC5D0D55-8C4C-4671-A0E4-3D87A8961A7E}
		{34DDAFED-BE60-4A7D-B438-C8EB74A3D1F7} = {BC5D0D55-8C4C-4671-A0E4-3D87A8961A7E}
		{BAE8BE40-AC76-43C4-898A-E4C1D2FA6C36} = {BC5D0D55-8C4C-4671-A0E4-3D87A8961A7E}
		{205D289C-64F9-4B9C-BF5F-0327152EA14A} = {BC5D0D55-8C4C-4671-A0E4-3D87A8961A7E}
		{1355B3E1-5B2D-4804-9CC4-CA2A7B2887C1} = {BC5D0D55-8C4C-4671-A0E4-3D87A8961A7E}
		{C3A5DAE7-82BD-4B59-AEC2-97C66CB579B4} = {8299B6AA-1908-4BD8-8A6D-E68CF36B7C42}
		{4480158A-E61E-4371-8809-8D585B93A341} = {8299B6AA-1908-4BD8-8A6D-E68CF36B7C42}
		{BB30C904-3CE7-4704-AB3F-7EB602C6ED29} = {8299B6AA-1908-4BD8-8A6D-E68CF36B7C42}
	EndGlobalSection
EndGlobal
